
Microsoft Visual Studio Solution File, Format Version 12.00
# Visual Studio 15
VisualStudioVersion = 15.0.28307.902
MinimumVisualStudioVersion = 10.0.40219.1
Project("{8BC9CEB8-8B4A-11D0-8D11-00A0C91BC942}") = "modultest_player_std", "modultest_player_std\modultest_player_std.vcxproj", "{6CB698B9-B03E-41DD-A23C-24A4275CE099}"
EndProject
Project("{8BC9CEB8-8B4A-11D0-8D11-00A0C91BC942}") = "modultest_flanken", "modultest_flanken\modultest_flanken.vcxproj", "{A9F0AD05-A487-49DD-987C-D86B56AFAE42}"
EndProject
Global
	GlobalSection(SolutionConfigurationPlatforms) = preSolution
		Debug|ARM = Debug|ARM
		Debug|ARM64 = Debug|ARM64
		Debug|x64 = Debug|x64
		Debug|x86 = Debug|x86
		Release|ARM = Release|ARM
		Release|ARM64 = Release|ARM64
		Release|x64 = Release|x64
		Release|x86 = Release|x86
	EndGlobalSection
	GlobalSection(ProjectConfigurationPlatforms) = postSolution
		{6CB698B9-B03E-41DD-A23C-24A4275CE099}.Debug|ARM.ActiveCfg = Debug|ARM
		{6CB698B9-B03E-41DD-A23C-24A4275CE099}.Debug|ARM.Build.0 = Debug|ARM
		{6CB698B9-B03E-41DD-A23C-24A4275CE099}.Debug|ARM64.ActiveCfg = Debug|ARM64
		{6CB698B9-B03E-41DD-A23C-24A4275CE099}.Debug|ARM64.Build.0 = Debug|ARM64
		{6CB698B9-B03E-41DD-A23C-24A4275CE099}.Debug|x64.ActiveCfg = Debug|x64
		{6CB698B9-B03E-41DD-A23C-24A4275CE099}.Debug|x64.Build.0 = Debug|x64
		{6CB698B9-B03E-41DD-A23C-24A4275CE099}.Debug|x86.ActiveCfg = Debug|x86
		{6CB698B9-B03E-41DD-A23C-24A4275CE099}.Debug|x86.Build.0 = Debug|x86
		{6CB698B9-B03E-41DD-A23C-24A4275CE099}.Release|ARM.ActiveCfg = Release|ARM
		{6CB698B9-B03E-41DD-A23C-24A4275CE099}.Release|ARM.Build.0 = Release|ARM
		{6CB698B9-B03E-41DD-A23C-24A4275CE099}.Release|ARM64.ActiveCfg = Release|ARM64
		{6CB698B9-B03E-41DD-A23C-24A4275CE099}.Release|ARM64.Build.0 = Release|ARM64
		{6CB698B9-B03E-41DD-A23C-24A4275CE099}.Release|x64.ActiveCfg = Release|x64
		{6CB698B9-B03E-41DD-A23C-24A4275CE099}.Release|x64.Build.0 = Release|x64
		{6CB698B9-B03E-41DD-A23C-24A4275CE099}.Release|x86.ActiveCfg = Release|x86
		{6CB698B9-B03E-41DD-A23C-24A4275CE099}.Release|x86.Build.0 = Release|x86
		{A9F0AD05-A487-49DD-987C-D86B56AFAE42}.Debug|ARM.ActiveCfg = Debug|ARM
		{A9F0AD05-A487-49DD-987C-D86B56AFAE42}.Debug|ARM.Build.0 = Debug|ARM
		{A9F0AD05-A487-49DD-987C-D86B56AFAE42}.Debug|ARM64.ActiveCfg = Debug|ARM64
		{A9F0AD05-A487-49DD-987C-D86B56AFAE42}.Debug|ARM64.Build.0 = Debug|ARM64
		{A9F0AD05-A487-49DD-987C-D86B56AFAE42}.Debug|x64.ActiveCfg = Debug|x64
		{A9F0AD05-A487-49DD-987C-D86B56AFAE42}.Debug|x64.Build.0 = Debug|x64
		{A9F0AD05-A487-49DD-987C-D86B56AFAE42}.Debug|x86.ActiveCfg = Debug|x86
		{A9F0AD05-A487-49DD-987C-D86B56AFAE42}.Debug|x86.Build.0 = Debug|x86
		{A9F0AD05-A487-49DD-987C-D86B56AFAE42}.Release|ARM.ActiveCfg = Release|ARM
		{A9F0AD05-A487-49DD-987C-D86B56AFAE42}.Release|ARM.Build.0 = Release|ARM
		{A9F0AD05-A487-49DD-987C-D86B56AFAE42}.Release|ARM64.ActiveCfg = Release|ARM64
		{A9F0AD05-A487-49DD-987C-D86B56AFAE42}.Release|ARM64.Build.0 = Release|ARM64
		{A9F0AD05-A487-49DD-987C-D86B56AFAE42}.Release|x64.ActiveCfg = Release|x64
		{A9F0AD05-A487-49DD-987C-D86B56AFAE42}.Release|x64.Build.0 = Release|x64
		{A9F0AD05-A487-49DD-987C-D86B56AFAE42}.Release|x86.ActiveCfg = Release|x86
		{A9F0AD05-A487-49DD-987C-D86B56AFAE42}.Release|x86.Build.0 = Release|x86
	EndGlobalSection
	GlobalSection(SolutionProperties) = preSolution
		HideSolutionNode = FALSE
	EndGlobalSection
	GlobalSection(ExtensibilityGlobals) = postSolution
		SolutionGuid = {F2FEB4FC-7FAC-4702-9CDF-A66497333F84}
	EndGlobalSection
EndGlobal
